// !$*UTF8*$!
{
	archiveVersion = 1;
	classes = {
	};
	objectVersion = 46;
	objects = {

/* Begin PBXBuildFile section */
		039DB14B1DB2EC1C00BCEA8C /* AppDelegate.swift in Sources */ = {isa = PBXBuildFile; fileRef = 039DB14A1DB2EC1C00BCEA8C /* AppDelegate.swift */; };
		039DB14D1DB2EC1C00BCEA8C /* ViewController.swift in Sources */ = {isa = PBXBuildFile; fileRef = 039DB14C1DB2EC1C00BCEA8C /* ViewController.swift */; };
		039DB1501DB2EC1C00BCEA8C /* Main.storyboard in Resources */ = {isa = PBXBuildFile; fileRef = 039DB14E1DB2EC1C00BCEA8C /* Main.storyboard */; };
		039DB1521DB2EC1C00BCEA8C /* Assets.xcassets in Resources */ = {isa = PBXBuildFile; fileRef = 039DB1511DB2EC1C00BCEA8C /* Assets.xcassets */; };
		039DB1551DB2EC1C00BCEA8C /* LaunchScreen.storyboard in Resources */ = {isa = PBXBuildFile; fileRef = 039DB1531DB2EC1C00BCEA8C /* LaunchScreen.storyboard */; };
		039DB15D1DB2EE3700BCEA8C /* 1200px-Cat_poster_1.jpg in Resources */ = {isa = PBXBuildFile; fileRef = 039DB15C1DB2EE3700BCEA8C /* 1200px-Cat_poster_1.jpg */; };
/* End PBXBuildFile section */

/* Begin PBXFileReference section */
		039DB1471DB2EC1C00BCEA8C /* catYears.app */ = {isa = PBXFileReference; explicitFileType = wrapper.application; includeInIndex = 0; path = catYears.app; sourceTree = BUILT_PRODUCTS_DIR; };
		039DB14A1DB2EC1C00BCEA8C /* AppDelegate.swift */ = {isa = PBXFileReference; lastKnownFileType = sourcecode.swift; path = AppDelegate.swift; sourceTree = "<group>"; };
		039DB14C1DB2EC1C00BCEA8C /* ViewController.swift */ = {isa = PBXFileReference; lastKnownFileType = sourcecode.swift; path = ViewController.swift; sourceTree = "<group>"; };
		039DB14F1DB2EC1C00BCEA8C /* Base */ = {isa = PBXFileReference; lastKnownFileType = file.storyboard; name = Base; path = Base.lproj/Main.storyboard; sourceTree = "<group>"; };
		039DB1511DB2EC1C00BCEA8C /* Assets.xcassets */ = {isa = PBXFileReference; lastKnownFileType = folder.assetcatalog; path = Assets.xcassets; sourceTree = "<group>"; };
		039DB1541DB2EC1C00BCEA8C /* Base */ = {isa = PBXFileReference; lastKnownFileType = file.storyboard; name = Base; path = Base.lproj/LaunchScreen.storyboard; sourceTree = "<group>"; };
		039DB1561DB2EC1C00BCEA8C /* Info.plist */ = {isa = PBXFileReference; lastKnownFileType = text.plist.xml; path = Info.plist; sourceTree = "<group>"; };
		039DB15C1DB2EE3700BCEA8C /* 1200px-Cat_poster_1.jpg */ = {isa = PBXFileReference; lastKnownFileType = image.jpeg; name = "1200px-Cat_poster_1.jpg"; path = "pictures/1200px-Cat_poster_1.jpg"; sourceTree = "<group>"; };
/* End PBXFileReference section */

/* Begin PBXFrameworksBuildPhase section */
		039DB1441DB2EC1C00BCEA8C /* Frameworks */ = {
			isa = PBXFrameworksBuildPhase;
			buildActionMask = 2147483647;
			files = (
			);
			runOnlyForDeploymentPostprocessing = 0;
		};
/* End PBXFrameworksBuildPhase section */

/* Begin PBXGroup section */
		039DB13E1DB2EC1C00BCEA8C = {
			isa = PBXGroup;
			children = (
				039DB1491DB2EC1C00BCEA8C /* catYears */,
				039DB1481DB2EC1C00BCEA8C /* Products */,
			);
			sourceTree = "<group>";
		};
		039DB1481DB2EC1C00BCEA8C /* Products */ = {
			isa = PBXGroup;
			children = (
				039DB1471DB2EC1C00BCEA8C /* catYears.app */,
			);
			name = Products;
			sourceTree = "<group>";
		};
		039DB1491DB2EC1C00BCEA8C /* catYears */ = {
			isa = PBXGroup;
			children = (
				039DB14A1DB2EC1C00BCEA8C /* AppDelegate.swift */,
				039DB14C1DB2EC1C00BCEA8C /* ViewController.swift */,
				039DB14E1DB2EC1C00BCEA8C /* Main.storyboard */,
				039DB15C1DB2EE3700BCEA8C /* 1200px-Cat_poster_1.jpg */,
				039DB1511DB2EC1C00BCEA8C /* Assets.xcassets */,
				039DB1531DB2EC1C00BCEA8C /* LaunchScreen.storyboard */,
				039DB1561DB2EC1C00BCEA8C /* Info.plist */,
			);
			path = catYears;
			sourceTree = "<group>";
		};
/* End PBXGroup section */

/* Begin PBXNativeTarget section */
		039DB1461DB2EC1C00BCEA8C /* catYears */ = {
			isa = PBXNativeTarget;
			buildConfigurationList = 039DB1591DB2EC1C00BCEA8C /* Build configuration list for PBXNativeTarget "catYears" */;
			buildPhases = (
				039DB1431DB2EC1C00BCEA8C /* Sources */,
				039DB1441DB2EC1C00BCEA8C /* Frameworks */,
				039DB1451DB2EC1C00BCEA8C /* Resources */,
			);
			buildRules = (
			);
			dependencies = (
			);
			name = catYears;
			productName = catYears;
			productReference = 039DB1471DB2EC1C00BCEA8C /* catYears.app */;
			productType = "com.apple.product-type.application";
		};
/* End PBXNativeTarget section */

/* Begin PBXProject section */
		039DB13F1DB2EC1C00BCEA8C /* Project object */ = {
			isa = PBXProject;
			attributes = {
				LastSwiftUpdateCheck = 0800;
				LastUpgradeCheck = 0800;
				ORGANIZATIONNAME = Maximus;
				TargetAttributes = {
					039DB1461DB2EC1C00BCEA8C = {
						CreatedOnToolsVersion = 8.0;
						ProvisioningStyle = Automatic;
					};
				};
			};
			buildConfigurationList = 039DB1421DB2EC1C00BCEA8C /* Build configuration list for PBXProject "catYears" */;
			compatibilityVersion = "Xcode 3.2";
			developmentRegion = English;
			hasScannedForEncodings = 0;
			knownRegions = (
				en,
				Base,
			);
			mainGroup = 039DB13E1DB2EC1C00BCEA8C;
			productRefGroup = 039DB1481DB2EC1C00BCEA8C /* Products */;
			projectDirPath = "";
			projectRoot = "";
			targets = (
				039DB1461DB2EC1C00BCEA8C /* catYears */,
			);
		};
/* End PBXProject section */

/* Begin PBXResourcesBuildPhase section */
		039DB1451DB2EC1C00BCEA8C /* Resources */ = {
			isa = PBXResourcesBuildPhase;
			buildActionMask = 2147483647;
			files = (
				039DB1551DB2EC1C00BCEA8C /* LaunchScreen.storyboard in Resources */,
				039DB1521DB2EC1C00BCEA8C /* Assets.xcassets in Resources */,
				039DB15D1DB2EE3700BCEA8C /* 1200px-Cat_poster_1.jpg in Resources */,
				039DB1501DB2EC1C00BCEA8C /* Main.storyboard in Resources */,
			);
			runOnlyForDeploymentPostprocessing = 0;
		};
/* End PBXResourcesBuildPhase section */

/* Begin PBXSourcesBuildPhase section */
		039DB1431DB2EC1C00BCEA8C /* Sources */ = {
			isa = PBXSourcesBuildPhase;
			buildActionMask = 2147483647;
			files = (
				039DB14D1DB2EC1C00BCEA8C /* ViewController.swift in Sources */,
				039DB14B1DB2EC1C00BCEA8C /* AppDelegate.swift in Sources */,
			);
			runOnlyForDeploymentPostprocessing = 0;
		};
/* End PBXSourcesBuildPhase section */

/* Begin PBXVariantGroup section */
		039DB14E1DB2EC1C00BCEA8C /* Main.storyboard */ = {
			isa = PBXVariantGroup;
			children = (
				039DB14F1DB2EC1C00BCEA8C /* Base */,
			);
			name = Main.storyboard;
			sourceTree = "<group>";
		};
		039DB1531DB2EC1C00BCEA8C /* LaunchScreen.storyboard */ = {
			isa = PBXVariantGroup;
			children = (
				039DB1541DB2EC1C00BCEA8C /* Base */,
			);
			name = LaunchScreen.storyboard;
			sourceTree = "<group>";
		};
/* End PBXVariantGroup section */

/* Begin XCBuildConfiguration section */
		039DB1571DB2EC1C00BCEA8C /* Debug */ = {
			isa = XCBuildConfiguration;
			buildSettings = {
				ALWAYS_SEARCH_USER_PATHS = NO;
				CLANG_ANALYZER_NONNULL = YES;
				CLANG_CXX_LANGUAGE_STANDARD = "gnu++0x";
				CLANG_CXX_LIBRARY = "libc++";
				CLANG_ENABLE_MODULES = YES;
				CLANG_ENABLE_OBJC_ARC = YES;
				CLANG_WARN_BOOL_CONVERSION = YES;
				CLANG_WARN_CONSTANT_CONVERSION = YES;
				CLANG_WARN_DIRECT_OBJC_ISA_USAGE = YES_ERROR;
				CLANG_WARN_DOCUMENTATION_COMMENTS = YES;
				CLANG_WARN_EMPTY_BODY = YES;
				CLANG_WARN_ENUM_CONVERSION = YES;
				CLANG_WARN_INFINITE_RECURSION = YES;
				CLANG_WARN_INT_CONVERSION = YES;
				CLANG_WARN_OBJC_ROOT_CLASS = YES_ERROR;
				CLANG_WARN_SUSPICIOUS_MOVES = YES;
				CLANG_WARN_UNREACHABLE_CODE = YES;
				CLANG_WARN__DUPLICATE_METHOD_MATCH = YES;
				"CODE_SIGN_IDENTITY[sdk=iphoneos*]" = "iPhone Developer";
				COPY_PHASE_STRIP = NO;
				DEBUG_INFORMATION_FORMAT = dwarf;
				ENABLE_STRICT_OBJC_MSGSEND = YES;
				ENABLE_TESTABILITY = YES;
				GCC_C_LANGUAGE_STANDARD = gnu99;
				GCC_DYNAMIC_NO_PIC = NO;
				GCC_NO_COMMON_BLOCKS = YES;
				GCC_OPTIMIZATION_LEVEL = 0;
				GCC_PREPROCESSOR_DEFINITIONS = (
					"DEBUG=1",
					"$(inherited)",
				);
				GCC_WARN_64_TO_32_BIT_CONVERSION = YES;
				GCC_WARN_ABOUT_RETURN_TYPE = YES_ERROR;
				GCC_WARN_UNDECLARED_SELECTOR = YES;
				GCC_WARN_UNINITIALIZED_AUTOS = YES_AGGRESSIVE;
				GCC_WARN_UNUSED_FUNCTION = YES;
				GCC_WARN_UNUSED_VARIABLE = YES;
				IPHONEOS_DEPLOYMENT_TARGET = 10.0;
				MTL_ENABLE_DEBUG_INFO = YES;
				ONLY_ACTIVE_ARCH = YES;
				SDKROOT = iphoneos;
				SWIFT_ACTIVE_COMPILATION_CONDITIONS = DEBUG;
				SWIFT_OPTIMIZATION_LEVEL = "-Onone";
			};
			name = Debug;
		};
		039DB1581DB2EC1C00BCEA8C /* Release */ = {
			isa = XCBuildConfiguration;
			buildSettings = {
				ALWAYS_SEARCH_USER_PATHS = NO;
				CLANG_ANALYZER_NONNULL = YES;
				CLANG_CXX_LANGUAGE_STANDARD = "gnu++0x";
				CLANG_CXX_LIBRARY = "libc++";
				CLANG_ENABLE_MODULES = YES;
				CLANG_ENABLE_OBJC_ARC = YES;
				CLANG_WARN_BOOL_CONVERSION = YES;
				CLANG_WARN_CONSTANT_CONVERSION = YES;
				CLANG_WARN_DIRECT_OBJC_ISA_USAGE = YES_ERROR;
				CLANG_WARN_DOCUMENTATION_COMMENTS = YES;
				CLANG_WARN_EMPTY_BODY = YES;
				CLANG_WARN_ENUM_CONVERSION = YES;
				CLANG_WARN_INFINITE_RECURSION = YES;
				CLANG_WARN_INT_CONVERSION = YES;
				CLANG_WARN_OBJC_ROOT_CLASS = YES_ERROR;
				CLANG_WARN_SUSPICIOUS_MOVES = YES;
				CLANG_WARN_UNREACHABLE_CODE = YES;
				CLANG_WARN__DUPLICATE_METHOD_MATCH = YES;
				"CODE_SIGN_IDENTITY[sdk=iphoneos*]" = "iPhone Developer";
				COPY_PHASE_STRIP = NO;
				DEBUG_INFORMATION_FORMAT = "dwarf-with-dsym";
				ENABLE_NS_ASSERTIONS = NO;
				ENABLE_STRICT_OBJC_MSGSEND = YES;
				GCC_C_LANGUAGE_STANDARD = gnu99;
				GCC_NO_COMMON_BLOCKS = YES;
				GCC_WARN_64_TO_32_BIT_CONVERSION = YES;
				GCC_WARN_ABOUT_RETURN_TYPE = YES_ERROR;
				GCC_WARN_UNDECLARED_SELECTOR = YES;
				GCC_WARN_UNINITIALIZED_AUTOS = YES_AGGRESSIVE;
				GCC_WARN_UNUSED_FUNCTION = YES;
				GCC_WARN_UNUSED_VARIABLE = YES;
				IPHONEOS_DEPLOYMENT_TARGET = 10.0;
				MTL_ENABLE_DEBUG_INFO = NO;
				SDKROOT = iphoneos;
				SWIFT_OPTIMIZATION_LEVEL = "-Owholemodule";
				VALIDATE_PRODUCT = YES;
			};
			name = Release;
		};
		039DB15A1DB2EC1C00BCEA8C /* Debug */ = {
			isa = XCBuildConfiguration;
			buildSettings = {
				ASSETCATALOG_COMPILER_APPICON_NAME = AppIcon;
				INFOPLIST_FILE = catYears/Info.plist;
				LD_RUNPATH_SEARCH_PATHS = "$(inherited) @executable_path/Frameworks";
				PRODUCT_BUNDLE_IDENTIFIER = com.maximus.catYears;
				PRODUCT_NAME = "$(TARGET_NAME)";
				SWIFT_VERSION = 3.0;
			};
			name = Debug;
		};
		039DB15B1DB2EC1C00BCEA8C /* Release */ = {
			isa = XCBuildConfiguration;
			buildSettings = {
				ASSETCATALOG_COMPILER_APPICON_NAME = AppIcon;
				INFOPLIST_FILE = catYears/Info.plist;
				LD_RUNPATH_SEARCH_PATHS = "$(inherited) @executable_path/Frameworks";
				PRODUCT_BUNDLE_IDENTIFIER = com.maximus.catYears;
				PRODUCT_NAME = "$(TARGET_NAME)";
				SWIFT_VERSION = 3.0;
			};
			name = Release;
		};
/* End XCBuildConfiguration section */

/* Begin XCConfigurationList section */
		039DB1421DB2EC1C00BCEA8C /* Build configuration list for PBXProject "catYears" */ = {
			isa = XCConfigurationList;
			buildConfigurations = (
				039DB1571DB2EC1C00BCEA8C /* Debug */,
				039DB1581DB2EC1C00BCEA8C /* Release */,
			);
			defaultConfigurationIsVisible = 0;
			defaultConfigurationName = Release;
		};
		039DB1591DB2EC1C00BCEA8C /* Build configuration list for PBXNativeTarget "catYears" */ = {
			isa = XCConfigurationList;
			buildConfigurations = (
				039DB15A1DB2EC1C00BCEA8C /* Debug */,
				039DB15B1DB2EC1C00BCEA8C /* Release */,
			);
			defaultConfigurationIsVisible = 0;
		};
/* End XCConfigurationList section */
	};
	rootObject = 039DB13F1DB2EC1C00BCEA8C /* Project object */;
}
